{
  "nodes": {
    "home-manager": {
      "inputs": {
        "nixpkgs": [
          "nixpkgs"
        ]
      },
      "locked": {
        "lastModified": 1688892808,
        "narHash": "sha256-AeWzyG37EqyHH2C1GmrV9y0ZQ4e7rAs9AUOnw8I4YUI=",
        "owner": "nix-community",
        "repo": "home-manager",
        "rev": "b70db52ff06f30e3de7f21b6ea47e75baa0c46f6",
        "type": "github"
      },
      "original": {
        "owner": "nix-community",
        "repo": "home-manager",
        "type": "github"
      }
    },
    "nixpkgs": {
      "locked": {
        "lastModified": 1688935634,
        "narHash": "sha256-qYMGjzCoTPhrCE7UYB560+X1VOVKDuXHqAhZ3IXd9eA=",
        "owner": "nixos",
        "repo": "nixpkgs",
        "rev": "d8eeece8751ffd71c513e412310ad30b89638093",
        "type": "github"
      },
      "original": {
        "owner": "nixos",
        "repo": "nixpkgs",
        "type": "github"
      }
    },
    "root": {
      "inputs": {
        "home-manager": "home-manager",
        "nixpkgs": "nixpkgs"
      }
    }
  },
  "root": "root",
  "version": 7
}
